Microsoft Visual Studio Solution File, Format Version 12.00
# Visual Studio Version 17
VisualStudioVersion = 17.5.2.0
MinimumVisualStudioVersion = 10.0.40219.1
Project("{2150E333-8FDC-42A3-9474-1A3956D46DE8}") = "MyDockerProject", "MyDockerProject", "{9A3347C1-A97B-0F96-8F29-EFD18B39E112}"
EndProject
Project("{FAE04EC0-301F-11D3-BF4B-00C04F79EFBC}") = "MyDockerProject", "MyDockerProject\MyDockerProject\MyDockerProject.csproj", "{6CA44C4C-D2E6-BFF6-BAD4-79403B6BAAE6}"
EndProject
Global
	GlobalSection(SolutionConfigurationPlatforms) = preSolution
		Debug|Any CPU = Debug|Any CPU
		Release|Any CPU = Release|Any CPU
	EndGlobalSection
	GlobalSection(ProjectConfigurationPlatforms) = postSolution
		{6CA44C4C-D2E6-BFF6-BAD4-79403B6BAAE6}.Debug|Any CPU.ActiveCfg = Debug|Any CPU
		{6CA44C4C-D2E6-BFF6-BAD4-79403B6BAAE6}.Debug|Any CPU.Build.0 = Debug|Any CPU
		{6CA44C4C-D2E6-BFF6-BAD4-79403B6BAAE6}.Release|Any CPU.ActiveCfg = Release|Any CPU
		{6CA44C4C-D2E6-BFF6-BAD4-79403B6BAAE6}.Release|Any CPU.Build.0 = Release|Any CPU
	EndGlobalSection
	GlobalSection(SolutionProperties) = preSolution
		HideSolutionNode = FALSE
	EndGlobalSection
	GlobalSection(NestedProjects) = preSolution
		{6CA44C4C-D2E6-BFF6-BAD4-79403B6BAAE6} = {9A3347C1-A97B-0F96-8F29-EFD18B39E112}
	EndGlobalSection
	GlobalSection(ExtensibilityGlobals) = postSolution
		SolutionGuid = {FED0BF18-055E-4B63-BF06-B7CE4C2B1BF1}
	EndGlobalSection
EndGlobal
